// !$*UTF8*$!
{
	archiveVersion = 1;
	classes = {
	};
	objectVersion = 55;
	objects = {

/* Begin PBXBuildFile section */
		2B9E7EAE28287F3E008D814C /* GoogleService-Info.plist in Resources */ = {isa = PBXBuildFile; fileRef = 2B9E7EAD28287F3E008D814C /* GoogleService-Info.plist */; };
		2BC7426528D9120A00A83B28 /* Constants.swift in Sources */ = {isa = PBXBuildFile; fileRef = 2BC7426428D9120A00A83B28 /* Constants.swift */; };
		52D68352E5910002C966B853 /* Pods_Senior_Design.framework in Frameworks */ = {isa = PBXBuildFile; fileRef = 933F36D53506932D4A75CD93 /* Pods_Senior_Design.framework */; };
		A162D34F281CE55300EF058F /* AppDelegate.swift in Sources */ = {isa = PBXBuildFile; fileRef = A162D34E281CE55300EF058F /* AppDelegate.swift */; };
		A162D351281CE55300EF058F /* SceneDelegate.swift in Sources */ = {isa = PBXBuildFile; fileRef = A162D350281CE55300EF058F /* SceneDelegate.swift */; };
		A162D353281CE55300EF058F /* ViewController.swift in Sources */ = {isa = PBXBuildFile; fileRef = A162D352281CE55300EF058F /* ViewController.swift */; };
		A162D356281CE55300EF058F /* Main.storyboard in Resources */ = {isa = PBXBuildFile; fileRef = A162D354281CE55300EF058F /* Main.storyboard */; };
		A162D359281CE55300EF058F /* Senior_Design.xcdatamodeld in Sources */ = {isa = PBXBuildFile; fileRef = A162D357281CE55300EF058F /* Senior_Design.xcdatamodeld */; };
		A162D35B281CE55500EF058F /* Assets.xcassets in Resources */ = {isa = PBXBuildFile; fileRef = A162D35A281CE55500EF058F /* Assets.xcassets */; };
		A162D35E281CE55500EF058F /* LaunchScreen.storyboard in Resources */ = {isa = PBXBuildFile; fileRef = A162D35C281CE55500EF058F /* LaunchScreen.storyboard */; };
		A1987E6C282088CF0055EDC9 /* MapViewController.swift in Sources */ = {isa = PBXBuildFile; fileRef = A1987E6B282088CF0055EDC9 /* MapViewController.swift */; };
		A1987E6E2820ABEA0055EDC9 /* SignupViewController.swift in Sources */ = {isa = PBXBuildFile; fileRef = A1987E6D2820ABEA0055EDC9 /* SignupViewController.swift */; };
		A1987E702820ABFF0055EDC9 /* LoginViewController.swift in Sources */ = {isa = PBXBuildFile; fileRef = A1987E6F2820ABFF0055EDC9 /* LoginViewController.swift */; };
		A1BB4CE72827CDD6008ED7A5 /* LocationSearchTable.swift in Sources */ = {isa = PBXBuildFile; fileRef = A1BB4CE62827CDD6008ED7A5 /* LocationSearchTable.swift */; };
/* End PBXBuildFile section */

/* Begin PBXFileReference section */
		2B9E7EAD28287F3E008D814C /* GoogleService-Info.plist */ = {isa = PBXFileReference; fileEncoding = 4; lastKnownFileType = text.plist.xml; path = "GoogleService-Info.plist"; sourceTree = "<group>"; };
		2BC7426428D9120A00A83B28 /* Constants.swift */ = {isa = PBXFileReference; lastKnownFileType = sourcecode.swift; path = Constants.swift; sourceTree = "<group>"; };
		78083DECF5B4A66B3FC12C8C /* Pods-Senior_Design.debug.xcconfig */ = {isa = PBXFileReference; includeInIndex = 1; lastKnownFileType = text.xcconfig; name = "Pods-Senior_Design.debug.xcconfig"; path = "Target Support Files/Pods-Senior_Design/Pods-Senior_Design.debug.xcconfig"; sourceTree = "<group>"; };
		933F36D53506932D4A75CD93 /* Pods_Senior_Design.framework */ = {isa = PBXFileReference; explicitFileType = wrapper.framework; includeInIndex = 0; path = Pods_Senior_Design.framework; sourceTree = BUILT_PRODUCTS_DIR; };
		A162D34B281CE55300EF058F /* Senior_Design.app */ = {isa = PBXFileReference; explicitFileType = wrapper.application; includeInIndex = 0; path = Senior_Design.app; sourceTree = BUILT_PRODUCTS_DIR; };
		A162D34E281CE55300EF058F /* AppDelegate.swift */ = {isa = PBXFileReference; lastKnownFileType = sourcecode.swift; path = AppDelegate.swift; sourceTree = "<group>"; };
		A162D350281CE55300EF058F /* SceneDelegate.swift */ = {isa = PBXFileReference; lastKnownFileType = sourcecode.swift; path = SceneDelegate.swift; sourceTree = "<group>"; };
		A162D352281CE55300EF058F /* ViewController.swift */ = {isa = PBXFileReference; lastKnownFileType = sourcecode.swift; path = ViewController.swift; sourceTree = "<group>"; };
		A162D355281CE55300EF058F /* Base */ = {isa = PBXFileReference; lastKnownFileType = file.storyboard; name = Base; path = Base.lproj/Main.storyboard; sourceTree = "<group>"; };
		A162D358281CE55300EF058F /* Senior_Design.xcdatamodel */ = {isa = PBXFileReference; lastKnownFileType = wrapper.xcdatamodel; path = Senior_Design.xcdatamodel; sourceTree = "<group>"; };
		A162D35A281CE55500EF058F /* Assets.xcassets */ = {isa = PBXFileReference; lastKnownFileType = folder.assetcatalog; path = Assets.xcassets; sourceTree = "<group>"; };
		A162D35D281CE55500EF058F /* Base */ = {isa = PBXFileReference; lastKnownFileType = file.storyboard; name = Base; path = Base.lproj/LaunchScreen.storyboard; sourceTree = "<group>"; };
		A162D35F281CE55500EF058F /* Info.plist */ = {isa = PBXFileReference; lastKnownFileType = text.plist.xml; path = Info.plist; sourceTree = "<group>"; };
		A1987E6B282088CF0055EDC9 /* MapViewController.swift */ = {isa = PBXFileReference; lastKnownFileType = sourcecode.swift; path = MapViewController.swift; sourceTree = "<group>"; };
		A1987E6D2820ABEA0055EDC9 /* SignupViewController.swift */ = {isa = PBXFileReference; lastKnownFileType = sourcecode.swift; path = SignupViewController.swift; sourceTree = "<group>"; };
		A1987E6F2820ABFF0055EDC9 /* LoginViewController.swift */ = {isa = PBXFileReference; lastKnownFileType = sourcecode.swift; path = LoginViewController.swift; sourceTree = "<group>"; };
		A1BB4CE62827CDD6008ED7A5 /* LocationSearchTable.swift */ = {isa = PBXFileReference; lastKnownFileType = sourcecode.swift; path = LocationSearchTable.swift; sourceTree = "<group>"; };
		D7A3B8AA8FCD5CFDD32E1464 /* Pods-Senior_Design.release.xcconfig */ = {isa = PBXFileReference; includeInIndex = 1; lastKnownFileType = text.xcconfig; name = "Pods-Senior_Design.release.xcconfig"; path = "Target Support Files/Pods-Senior_Design/Pods-Senior_Design.release.xcconfig"; sourceTree = "<group>"; };
/* End PBXFileReference section */

/* Begin PBXFrameworksBuildPhase section */
		A162D348281CE55300EF058F /* Frameworks */ = {
			isa = PBXFrameworksBuildPhase;
			buildActionMask = 2147483647;
			files = (
				52D68352E5910002C966B853 /* Pods_Senior_Design.framework in Frameworks */,
			);
			runOnlyForDeploymentPostprocessing = 0;
		};
/* End PBXFrameworksBuildPhase section */

/* Begin PBXGroup section */
		55ED3464B84E4D00E60F46AA /* Pods */ = {
			isa = PBXGroup;
			children = (
				78083DECF5B4A66B3FC12C8C /* Pods-Senior_Design.debug.xcconfig */,
				D7A3B8AA8FCD5CFDD32E1464 /* Pods-Senior_Design.release.xcconfig */,
			);
			path = Pods;
			sourceTree = "<group>";
		};
		A162D342281CE55300EF058F = {
			isa = PBXGroup;
			children = (
				A162D34D281CE55300EF058F /* Senior_Design */,
				A162D34C281CE55300EF058F /* Products */,
				55ED3464B84E4D00E60F46AA /* Pods */,
				A3C43A8F2D220011516A55B2 /* Frameworks */,
			);
			sourceTree = "<group>";
		};
		A162D34C281CE55300EF058F /* Products */ = {
			isa = PBXGroup;
			children = (
				A162D34B281CE55300EF058F /* Senior_Design.app */,
			);
			name = Products;
			sourceTree = "<group>";
		};
		A162D34D281CE55300EF058F /* Senior_Design */ = {
			isa = PBXGroup;
			children = (
				2B9E7EAD28287F3E008D814C /* GoogleService-Info.plist */,
				A162D34E281CE55300EF058F /* AppDelegate.swift */,
				A162D350281CE55300EF058F /* SceneDelegate.swift */,
				A1987E6F2820ABFF0055EDC9 /* LoginViewController.swift */,
				A1987E6D2820ABEA0055EDC9 /* SignupViewController.swift */,
				A1987E6B282088CF0055EDC9 /* MapViewController.swift */,
				A1BB4CE62827CDD6008ED7A5 /* LocationSearchTable.swift */,
				A162D352281CE55300EF058F /* ViewController.swift */,
				A162D354281CE55300EF058F /* Main.storyboard */,
				2BC7426428D9120A00A83B28 /* Constants.swift */,
				A162D35A281CE55500EF058F /* Assets.xcassets */,
				A162D35C281CE55500EF058F /* LaunchScreen.storyboard */,
				A162D35F281CE55500EF058F /* Info.plist */,
				A162D357281CE55300EF058F /* Senior_Design.xcdatamodeld */,
			);
			path = Senior_Design;
			sourceTree = "<group>";
		};
		A3C43A8F2D220011516A55B2 /* Frameworks */ = {
			isa = PBXGroup;
			children = (
				933F36D53506932D4A75CD93 /* Pods_Senior_Design.framework */,
			);
			name = Frameworks;
			sourceTree = "<group>";
		};
/* End PBXGroup section */

/* Begin PBXNativeTarget section */
		A162D34A281CE55300EF058F /* Senior_Design */ = {
			isa = PBXNativeTarget;
			buildConfigurationList = A162D362281CE55500EF058F /* Build configuration list for PBXNativeTarget "Senior_Design" */;
			buildPhases = (
				41292DD8C656EB0939F2BED2 /* [CP] Check Pods Manifest.lock */,
				A162D347281CE55300EF058F /* Sources */,
				A162D348281CE55300EF058F /* Frameworks */,
				A162D349281CE55300EF058F /* Resources */,
				D4C836832CE40B7243090F57 /* [CP] Embed Pods Frameworks */,
			);
			buildRules = (
			);
			dependencies = (
			);
			name = Senior_Design;
			productName = Senior_Design;
			productReference = A162D34B281CE55300EF058F /* Senior_Design.app */;
			productType = "com.apple.product-type.application";
		};
/* End PBXNativeTarget section */

/* Begin PBXProject section */
		A162D343281CE55300EF058F /* Project object */ = {
			isa = PBXProject;
			attributes = {
				BuildIndependentTargetsInParallel = 1;
				LastSwiftUpdateCheck = 1320;
				LastUpgradeCheck = 1320;
				TargetAttributes = {
					A162D34A281CE55300EF058F = {
						CreatedOnToolsVersion = 13.2.1;
					};
				};
			};
			buildConfigurationList = A162D346281CE55300EF058F /* Build configuration list for PBXProject "Senior_Design" */;
			compatibilityVersion = "Xcode 13.0";
			developmentRegion = en;
			hasScannedForEncodings = 0;
			knownRegions = (
				en,
				Base,
			);
			mainGroup = A162D342281CE55300EF058F;
			productRefGroup = A162D34C281CE55300EF058F /* Products */;
			projectDirPath = "";
			projectRoot = "";
			targets = (
				A162D34A281CE55300EF058F /* Senior_Design */,
			);
		};
/* End PBXProject section */

/* Begin PBXResourcesBuildPhase section */
		A162D349281CE55300EF058F /* Resources */ = {
			isa = PBXResourcesBuildPhase;
			buildActionMask = 2147483647;
			files = (
				A162D35E281CE55500EF058F /* LaunchScreen.storyboard in Resources */,
				2B9E7EAE28287F3E008D814C /* GoogleService-Info.plist in Resources */,
				A162D35B281CE55500EF058F /* Assets.xcassets in Resources */,
				A162D356281CE55300EF058F /* Main.storyboard in Resources */,
			);
			runOnlyForDeploymentPostprocessing = 0;
		};
/* End PBXResourcesBuildPhase section */

/* Begin PBXShellScriptBuildPhase section */
		41292DD8C656EB0939F2BED2 /* [CP] Check Pods Manifest.lock */ = {
			isa = PBXShellScriptBuildPhase;
			buildActionMask = 2147483647;
			files = (
			);
			inputFileListPaths = (
			);
			inputPaths = (
				"${PODS_PODFILE_DIR_PATH}/Podfile.lock",
				"${PODS_ROOT}/Manifest.lock",
			);
			name = "[CP] Check Pods Manifest.lock";
			outputFileListPaths = (
			);
			outputPaths = (
				"$(DERIVED_FILE_DIR)/Pods-Senior_Design-checkManifestLockResult.txt",
			);
			runOnlyForDeploymentPostprocessing = 0;
			shellPath = /bin/sh;
			shellScript = "diff \"${PODS_PODFILE_DIR_PATH}/Podfile.lock\" \"${PODS_ROOT}/Manifest.lock\" > /dev/null\nif [ $? != 0 ] ; then\n    # print error to STDERR\n    echo \"error: The sandbox is not in sync with the Podfile.lock. Run 'pod install' or update your CocoaPods installation.\" >&2\n    exit 1\nfi\n# This output is used by Xcode 'outputs' to avoid re-running this script phase.\necho \"SUCCESS\" > \"${SCRIPT_OUTPUT_FILE_0}\"\n";
			showEnvVarsInLog = 0;
		};
		D4C836832CE40B7243090F57 /* [CP] Embed Pods Frameworks */ = {
			isa = PBXShellScriptBuildPhase;
			buildActionMask = 2147483647;
			files = (
			);
			inputFileListPaths = (
				"${PODS_ROOT}/Target Support Files/Pods-Senior_Design/Pods-Senior_Design-frameworks-${CONFIGURATION}-input-files.xcfilelist",
			);
			name = "[CP] Embed Pods Frameworks";
			outputFileListPaths = (
				"${PODS_ROOT}/Target Support Files/Pods-Senior_Design/Pods-Senior_Design-frameworks-${CONFIGURATION}-output-files.xcfilelist",
			);
			runOnlyForDeploymentPostprocessing = 0;
			shellPath = /bin/sh;
			shellScript = "\"${PODS_ROOT}/Target Support Files/Pods-Senior_Design/Pods-Senior_Design-frameworks.sh\"\n";
			showEnvVarsInLog = 0;
		};
/* End PBXShellScriptBuildPhase section */

/* Begin PBXSourcesBuildPhase section */
		A162D347281CE55300EF058F /* Sources */ = {
			isa = PBXSourcesBuildPhase;
			buildActionMask = 2147483647;
			files = (
				A1987E702820ABFF0055EDC9 /* LoginViewController.swift in Sources */,
				A1987E6E2820ABEA0055EDC9 /* SignupViewController.swift in Sources */,
				A162D353281CE55300EF058F /* ViewController.swift in Sources */,
				A1BB4CE72827CDD6008ED7A5 /* LocationSearchTable.swift in Sources */,
				A162D34F281CE55300EF058F /* AppDelegate.swift in Sources */,
				A162D351281CE55300EF058F /* SceneDelegate.swift in Sources */,
				A1987E6C282088CF0055EDC9 /* MapViewController.swift in Sources */,
				A162D359281CE55300EF058F /* Senior_Design.xcdatamodeld in Sources */,
				2BC7426528D9120A00A83B28 /* Constants.swift in Sources */,
			);
			runOnlyForDeploymentPostprocessing = 0;
		};
/* End PBXSourcesBuildPhase section */

/* Begin PBXVariantGroup section */
		A162D354281CE55300EF058F /* Main.storyboard */ = {
			isa = PBXVariantGroup;
			children = (
				A162D355281CE55300EF058F /* Base */,
			);
			name = Main.storyboard;
			sourceTree = "<group>";
		};
		A162D35C281CE55500EF058F /* LaunchScreen.storyboard */ = {
			isa = PBXVariantGroup;
			children = (
				A162D35D281CE55500EF058F /* Base */,
			);
			name = LaunchScreen.storyboard;
			sourceTree = "<group>";
		};
/* End PBXVariantGroup section */

/* Begin XCBuildConfiguration section */
		A162D360281CE55500EF058F /* Debug */ = {
			isa = XCBuildConfiguration;
			buildSettings = {
				ALWAYS_SEARCH_USER_PATHS = NO;
				CLANG_ANALYZER_NONNULL = YES;
				CLANG_ANALYZER_NUMBER_OBJECT_CONVERSION = YES_AGGRESSIVE;
				CLANG_CXX_LANGUAGE_STANDARD = "gnu++17";
				CLANG_CXX_LIBRARY = "libc++";
				CLANG_ENABLE_MODULES = YES;
				CLANG_ENABLE_OBJC_ARC = YES;
				CLANG_ENABLE_OBJC_WEAK = YES;
				CLANG_WARN_BLOCK_CAPTURE_AUTORELEASING = YES;
				CLANG_WARN_BOOL_CONVERSION = YES;
				CLANG_WARN_COMMA = YES;
				CLANG_WARN_CONSTANT_CONVERSION = YES;
				CLANG_WARN_DEPRECATED_OBJC_IMPLEMENTATIONS = YES;
				CLANG_WARN_DIRECT_OBJC_ISA_USAGE = YES_ERROR;
				CLANG_WARN_DOCUMENTATION_COMMENTS = YES;
				CLANG_WARN_EMPTY_BODY = YES;
				CLANG_WARN_ENUM_CONVERSION = YES;
				CLANG_WARN_INFINITE_RECURSION = YES;
				CLANG_WARN_INT_CONVERSION = YES;
				CLANG_WARN_NON_LITERAL_NULL_CONVERSION = YES;
				CLANG_WARN_OBJC_IMPLICIT_RETAIN_SELF = YES;
				CLANG_WARN_OBJC_LITERAL_CONVERSION = YES;
				CLANG_WARN_OBJC_ROOT_CLASS = YES_ERROR;
				CLANG_WARN_QUOTED_INCLUDE_IN_FRAMEWORK_HEADER = YES;
				CLANG_WARN_RANGE_LOOP_ANALYSIS = YES;
				CLANG_WARN_STRICT_PROTOTYPES = YES;
				CLANG_WARN_SUSPICIOUS_MOVE = YES;
				CLANG_WARN_UNGUARDED_AVAILABILITY = YES_AGGRESSIVE;
				CLANG_WARN_UNREACHABLE_CODE = YES;
				CLANG_WARN__DUPLICATE_METHOD_MATCH = YES;
				COPY_PHASE_STRIP = NO;
				DEBUG_INFORMATION_FORMAT = dwarf;
				ENABLE_STRICT_OBJC_MSGSEND = YES;
				ENABLE_TESTABILITY = YES;
				GCC_C_LANGUAGE_STANDARD = gnu11;
				GCC_DYNAMIC_NO_PIC = NO;
				GCC_NO_COMMON_BLOCKS = YES;
				GCC_OPTIMIZATION_LEVEL = 0;
				GCC_PREPROCESSOR_DEFINITIONS = (
					"DEBUG=1",
					"$(inherited)",
				);
				GCC_WARN_64_TO_32_BIT_CONVERSION = YES;
				GCC_WARN_ABOUT_RETURN_TYPE = YES_ERROR;
				GCC_WARN_UNDECLARED_SELECTOR = YES;
				GCC_WARN_UNINITIALIZED_AUTOS = YES_AGGRESSIVE;
				GCC_WARN_UNUSED_FUNCTION = YES;
				GCC_WARN_UNUSED_VARIABLE = YES;
				IPHONEOS_DEPLOYMENT_TARGET = 15.2;
				MTL_ENABLE_DEBUG_INFO = INCLUDE_SOURCE;
				MTL_FAST_MATH = YES;
				ONLY_ACTIVE_ARCH = YES;
				SDKROOT = iphoneos;
				SWIFT_ACTIVE_COMPILATION_CONDITIONS = DEBUG;
				SWIFT_OPTIMIZATION_LEVEL = "-Onone";
			};
			name = Debug;
		};
		A162D361281CE55500EF058F /* Release */ = {
			isa = XCBuildConfiguration;
			buildSettings = {
				ALWAYS_SEARCH_USER_PATHS = NO;
				CLANG_ANALYZER_NONNULL = YES;
				CLANG_ANALYZER_NUMBER_OBJECT_CONVERSION = YES_AGGRESSIVE;
				CLANG_CXX_LANGUAGE_STANDARD = "gnu++17";
				CLANG_CXX_LIBRARY = "libc++";
				CLANG_ENABLE_MODULES = YES;
				CLANG_ENABLE_OBJC_ARC = YES;
				CLANG_ENABLE_OBJC_WEAK = YES;
				CLANG_WARN_BLOCK_CAPTURE_AUTORELEASING = YES;
				CLANG_WARN_BOOL_CONVERSION = YES;
				CLANG_WARN_COMMA = YES;
				CLANG_WARN_CONSTANT_CONVERSION = YES;
				CLANG_WARN_DEPRECATED_OBJC_IMPLEMENTATIONS = YES;
				CLANG_WARN_DIRECT_OBJC_ISA_USAGE = YES_ERROR;
				CLANG_WARN_DOCUMENTATION_COMMENTS = YES;
				CLANG_WARN_EMPTY_BODY = YES;
				CLANG_WARN_ENUM_CONVERSION = YES;
				CLANG_WARN_INFINITE_RECURSION = YES;
				CLANG_WARN_INT_CONVERSION = YES;
				CLANG_WARN_NON_LITERAL_NULL_CONVERSION = YES;
				CLANG_WARN_OBJC_IMPLICIT_RETAIN_SELF = YES;
				CLANG_WARN_OBJC_LITERAL_CONVERSION = YES;
				CLANG_WARN_OBJC_ROOT_CLASS = YES_ERROR;
				CLANG_WARN_QUOTED_INCLUDE_IN_FRAMEWORK_HEADER = YES;
				CLANG_WARN_RANGE_LOOP_ANALYSIS = YES;
				CLANG_WARN_STRICT_PROTOTYPES = YES;
				CLANG_WARN_SUSPICIOUS_MOVE = YES;
				CLANG_WARN_UNGUARDED_AVAILABILITY = YES_AGGRESSIVE;
				CLANG_WARN_UNREACHABLE_CODE = YES;
				CLANG_WARN__DUPLICATE_METHOD_MATCH = YES;
				COPY_PHASE_STRIP = NO;
				DEBUG_INFORMATION_FORMAT = "dwarf-with-dsym";
				ENABLE_NS_ASSERTIONS = NO;
				ENABLE_STRICT_OBJC_MSGSEND = YES;
				GCC_C_LANGUAGE_STANDARD = gnu11;
				GCC_NO_COMMON_BLOCKS = YES;
				GCC_WARN_64_TO_32_BIT_CONVERSION = YES;
				GCC_WARN_ABOUT_RETURN_TYPE = YES_ERROR;
				GCC_WARN_UNDECLARED_SELECTOR = YES;
				GCC_WARN_UNINITIALIZED_AUTOS = YES_AGGRESSIVE;
				GCC_WARN_UNUSED_FUNCTION = YES;
				GCC_WARN_UNUSED_VARIABLE = YES;
				IPHONEOS_DEPLOYMENT_TARGET = 15.2;
				MTL_ENABLE_DEBUG_INFO = NO;
				MTL_FAST_MATH = YES;
				SDKROOT = iphoneos;
				SWIFT_COMPILATION_MODE = wholemodule;
				SWIFT_OPTIMIZATION_LEVEL = "-O";
				VALIDATE_PRODUCT = YES;
			};
			name = Release;
		};
		A162D363281CE55500EF058F /* Debug */ = {
			isa = XCBuildConfiguration;
			baseConfigurationReference = 78083DECF5B4A66B3FC12C8C /* Pods-Senior_Design.debug.xcconfig */;
			buildSettings = {
				ASSETCATALOG_COMPILER_APPICON_NAME = AppIcon;
				ASSETCATALOG_COMPILER_GLOBAL_ACCENT_COLOR_NAME = AccentColor;
				CODE_SIGN_STYLE = Automatic;
				CURRENT_PROJECT_VERSION = 1;
				DEVELOPMENT_TEAM = 86SVP8BX5P;
				GENERATE_INFOPLIST_FILE = YES;
				INFOPLIST_FILE = Senior_Design/Info.plist;
				INFOPLIST_KEY_UIApplicationSupportsIndirectInputEvents = YES;
				INFOPLIST_KEY_UILaunchStoryboardName = LaunchScreen;
				INFOPLIST_KEY_UIMainStoryboardFile = Main;
				INFOPLIST_KEY_UISupportedInterfaceOrientations_iPad = "UIInterfaceOrientationPortrait UIInterfaceOrientationPortraitUpsideDown UIInterfaceOrientationLandscapeLeft UIInterfaceOrientationLandscapeRight";
				INFOPLIST_KEY_UISupportedInterfaceOrientations_iPhone = "UIInterfaceOrientationPortrait UIInterfaceOrientationLandscapeLeft UIInterfaceOrientationLandscapeRight";
				LD_RUNPATH_SEARCH_PATHS = (
					"$(inherited)",
					"@executable_path/Frameworks",
				);
				MARKETING_VERSION = 1.0;
				PRODUCT_BUNDLE_IDENTIFIER = "org.MinyoungYang.MinyoungYang.Senior-Design";
				PRODUCT_NAME = "$(TARGET_NAME)";
				SWIFT_EMIT_LOC_STRINGS = YES;
				SWIFT_VERSION = 5.0;
				TARGETED_DEVICE_FAMILY = "1,2";
			};
			name = Debug;
		};
		A162D364281CE55500EF058F /* Release */ = {
			isa = XCBuildConfiguration;
			baseConfigurationReference = D7A3B8AA8FCD5CFDD32E1464 /* Pods-Senior_Design.release.xcconfig */;
			buildSettings = {
				ASSETCATALOG_COMPILER_APPICON_NAME = AppIcon;
				ASSETCATALOG_COMPILER_GLOBAL_ACCENT_COLOR_NAME = AccentColor;
				CODE_SIGN_STYLE = Automatic;
				CURRENT_PROJECT_VERSION = 1;
				DEVELOPMENT_TEAM = 86SVP8BX5P;
				GENERATE_INFOPLIST_FILE = YES;
				INFOPLIST_FILE = Senior_Design/Info.plist;
				INFOPLIST_KEY_UIApplicationSupportsIndirectInputEvents = YES;
				INFOPLIST_KEY_UILaunchStoryboardName = LaunchScreen;
				INFOPLIST_KEY_UIMainStoryboardFile = Main;
				INFOPLIST_KEY_UISupportedInterfaceOrientations_iPad = "UIInterfaceOrientationPortrait UIInterfaceOrientationPortraitUpsideDown UIInterfaceOrientationLandscapeLeft UIInterfaceOrientationLandscapeRight";
				INFOPLIST_KEY_UISupportedInterfaceOrientations_iPhone = "UIInterfaceOrientationPortrait UIInterfaceOrientationLandscapeLeft UIInterfaceOrientationLandscapeRight";
				LD_RUNPATH_SEARCH_PATHS = (
					"$(inherited)",
					"@executable_path/Frameworks",
				);
				MARKETING_VERSION = 1.0;
				PRODUCT_BUNDLE_IDENTIFIER = "org.MinyoungYang.MinyoungYang.Senior-Design";
				PRODUCT_NAME = "$(TARGET_NAME)";
				SWIFT_EMIT_LOC_STRINGS = YES;
				SWIFT_VERSION = 5.0;
				TARGETED_DEVICE_FAMILY = "1,2";
			};
			name = Release;
		};
/* End XCBuildConfiguration section */

/* Begin XCConfigurationList section */
		A162D346281CE55300EF058F /* Build configuration list for PBXProject "Senior_Design" */ = {
			isa = XCConfigurationList;
			buildConfigurations = (
				A162D360281CE55500EF058F /* Debug */,
				A162D361281CE55500EF058F /* Release */,
			);
			defaultConfigurationIsVisible = 0;
			defaultConfigurationName = Release;
		};
		A162D362281CE55500EF058F /* Build configuration list for PBXNativeTarget "Senior_Design" */ = {
			isa = XCConfigurationList;
			buildConfigurations = (
				A162D363281CE55500EF058F /* Debug */,
				A162D364281CE55500EF058F /* Release */,
			);
			defaultConfigurationIsVisible = 0;
			defaultConfigurationName = Release;
		};
/* End XCConfigurationList section */

/* Begin XCVersionGroup section */
		A162D357281CE55300EF058F /* Senior_Design.xcdatamodeld */ = {
			isa = XCVersionGroup;
			children = (
				A162D358281CE55300EF058F /* Senior_Design.xcdatamodel */,
			);
			currentVersion = A162D358281CE55300EF058F /* Senior_Design.xcdatamodel */;
			path = Senior_Design.xcdatamodeld;
			sourceTree = "<group>";
			versionGroupType = wrapper.xcdatamodel;
		};
/* End XCVersionGroup section */
	};
	rootObject = A162D343281CE55300EF058F /* Project object */;
}
